<Solution>
  <Folder Name="/Assets/">
    <File Path="CHANGES" />
    <File Path="CHANGES.TITLE" />
    <File Path="Directory.Build.props" />
  </Folder>
  <Folder Name="/Private/">
    <Project Path="private/BuildTargets/BuildTargets.csproj" />
    <Project Path="private/Threadify.Tests/Threadify.Tests.csproj" />
  </Folder>
  <Folder Name="/Public/">
    <Project Path="public/Threadify/Threadify.csproj" />
  </Folder>
</Solution>
